
Microsoft Visual Studio Solution File, Format Version 12.00
# Visual Studio Version 18
VisualStudioVersion = 18.2.11408.102 d18.0
MinimumVisualStudioVersion = 10.0.40219.1
Project("{FAE04EC0-301F-11D3-BF4B-00C04F79EFBC}") = "Backend.API", "Backend.API.csproj", "{23CA26BF-931F-4E1B-A45B-7AA4901BE008}"
EndProject
Project("{FAE04EC0-301F-11D3-BF4B-00C04F79EFBC}") = "Backend.Domain", "..\Backend.Domain\Backend.Domain.csproj", "{D9543B76-D1FC-4292-A094-70F2898297EB}"
EndProject
Project("{FAE04EC0-301F-11D3-BF4B-00C04F79EFBC}") = "Backend.Services", "..\Backend.Services\Backend.Services.csproj", "{F28F65AE-8400-464A-9CDE-F9616379C611}"
EndProject
Project("{FAE04EC0-301F-11D3-BF4B-00C04F79EFBC}") = "Backend.Utilities", "..\Backend.Utilities\Backend.Utilities.csproj", "{D1305002-52DA-493F-8C68-5C0CA7061252}"
EndProject
Project("{FAE04EC0-301F-11D3-BF4B-00C04F79EFBC}") = "Backend.Data", "..\Backend.Data\Backend.Data.csproj", "{36474C97-A16B-4CF6-B98B-3C6C088B14EA}"
EndProject
Global
	GlobalSection(SolutionConfigurationPlatforms) = preSolution
		Debug|Any CPU = Debug|Any CPU
		Release|Any CPU = Release|Any CPU
	EndGlobalSection
	GlobalSection(ProjectConfigurationPlatforms) = postSolution
		{23CA26BF-931F-4E1B-A45B-7AA4901BE008}.Debug|Any CPU.ActiveCfg = Debug|Any CPU
		{23CA26BF-931F-4E1B-A45B-7AA4901BE008}.Debug|Any CPU.Build.0 = Debug|Any CPU
		{23CA26BF-931F-4E1B-A45B-7AA4901BE008}.Release|Any CPU.ActiveCfg = Release|Any CPU
		{23CA26BF-931F-4E1B-A45B-7AA4901BE008}.Release|Any CPU.Build.0 = Release|Any CPU
		{D9543B76-D1FC-4292-A094-70F2898297EB}.Debug|Any CPU.ActiveCfg = Debug|Any CPU
		{D9543B76-D1FC-4292-A094-70F2898297EB}.Debug|Any CPU.Build.0 = Debug|Any CPU
		{D9543B76-D1FC-4292-A094-70F2898297EB}.Release|Any CPU.ActiveCfg = Release|Any CPU
		{D9543B76-D1FC-4292-A094-70F2898297EB}.Release|Any CPU.Build.0 = Release|Any CPU
		{F28F65AE-8400-464A-9CDE-F9616379C611}.Debug|Any CPU.ActiveCfg = Debug|Any CPU
		{F28F65AE-8400-464A-9CDE-F9616379C611}.Debug|Any CPU.Build.0 = Debug|Any CPU
		{F28F65AE-8400-464A-9CDE-F9616379C611}.Release|Any CPU.ActiveCfg = Release|Any CPU
		{F28F65AE-8400-464A-9CDE-F9616379C611}.Release|Any CPU.Build.0 = Release|Any CPU
		{D1305002-52DA-493F-8C68-5C0CA7061252}.Debug|Any CPU.ActiveCfg = Debug|Any CPU
		{D1305002-52DA-493F-8C68-5C0CA7061252}.Debug|Any CPU.Build.0 = Debug|Any CPU
		{D1305002-52DA-493F-8C68-5C0CA7061252}.Release|Any CPU.ActiveCfg = Release|Any CPU
		{D1305002-52DA-493F-8C68-5C0CA7061252}.Release|Any CPU.Build.0 = Release|Any CPU
		{36474C97-A16B-4CF6-B98B-3C6C088B14EA}.Debug|Any CPU.ActiveCfg = Debug|Any CPU
		{36474C97-A16B-4CF6-B98B-3C6C088B14EA}.Debug|Any CPU.Build.0 = Debug|Any CPU
		{36474C97-A16B-4CF6-B98B-3C6C088B14EA}.Release|Any CPU.ActiveCfg = Release|Any CPU
		{36474C97-A16B-4CF6-B98B-3C6C088B14EA}.Release|Any CPU.Build.0 = Release|Any CPU
	EndGlobalSection
	GlobalSection(SolutionProperties) = preSolution
		HideSolutionNode = FALSE
	EndGlobalSection
	GlobalSection(ExtensibilityGlobals) = postSolution
		SolutionGuid = {40F60FEA-442A-4368-8DC0-787BB1A4A4E1}
	EndGlobalSection
EndGlobal
